Microsoft Visual Studio Solution File, Format Version 11.00
# Visual Studio 2008

Project("{A6D7D595-5C68-A897-380D-3B716B0ABF75}") = "BouncingBall", "Assembly-CSharp.csproj", "{48D5AB35-EF45-13D3-85C0-277C7687825E}"
EndProject
Global
	GlobalSection(SolutionConfigurationPlatforms) = preSolution
		Debug|Any CPU = Debug|Any CPU
		Release|Any CPU = Release|Any CPU
	EndGlobalSection
	GlobalSection(ProjectConfigurationPlatforms) = postSolution
		{48D5AB35-EF45-13D3-85C0-277C7687825E}.Debug|Any CPU.ActiveCfg = Debug|Any CPU
		{48D5AB35-EF45-13D3-85C0-277C7687825E}.Debug|Any CPU.Build.0 = Debug|Any CPU
		{48D5AB35-EF45-13D3-85C0-277C7687825E}.Release|Any CPU.ActiveCfg = Release|Any CPU
		{48D5AB35-EF45-13D3-85C0-277C7687825E}.Release|Any CPU.Build.0 = Release|Any CPU
	EndGlobalSection
	GlobalSection(SolutionProperties) = preSolution
		HideSolutionNode = FALSE
	EndGlobalSection
	GlobalSection(MonoDevelopProperties) = preSolution
		StartupItem = Assembly-CSharp.csproj
	EndGlobalSection
EndGlobal
